
Microsoft Visual Studio Solution File, Format Version 12.00
# Visual Studio Version 17
VisualStudioVersion = 17.8.34309.116
MinimumVisualStudioVersion = 10.0.40219.1
Project("{D2ABAB84-BF74-430A-B69E-9DC6D40DDA17}") = "SSAS_Final_College", "SSAS_Final_College\SSAS_Final_College.dwproj", "{B802BC47-11C6-4F2D-9F5C-A194FAE2C99A}"
EndProject
Global
	GlobalSection(SolutionConfigurationPlatforms) = preSolution
		Development|Default = Development|Default
	EndGlobalSection
	GlobalSection(ProjectConfigurationPlatforms) = postSolution
		{B802BC47-11C6-4F2D-9F5C-A194FAE2C99A}.Development|Default.ActiveCfg = Development
		{B802BC47-11C6-4F2D-9F5C-A194FAE2C99A}.Development|Default.Build.0 = Development
		{B802BC47-11C6-4F2D-9F5C-A194FAE2C99A}.Development|Default.Deploy.0 = Development
	EndGlobalSection
	GlobalSection(SolutionProperties) = preSolution
		HideSolutionNode = FALSE
	EndGlobalSection
	GlobalSection(ExtensibilityGlobals) = postSolution
		SolutionGuid = {7A340972-8349-4502-A3D4-A2AD857DF5FA}
	EndGlobalSection
EndGlobal
